// !$*UTF8*$!
{
	archiveVersion = 1;
	classes = {
	};
	objectVersion = 46;
	objects = {

/* Begin PBXBuildFile section */
		7D36491E1C2D177B002BD79E /* websocket.h in Copy Files */ = {isa = PBXBuildFile; fileRef = 7DBC2AEC1C2BD3FF00425A60 /* websocket.h */; };
		7D36491F1C2D1781002BD79E /* url_utils-inl.h in Copy Files */ = {isa = PBXBuildFile; fileRef = 7DBC2AE81C2BD3FF00425A60 /* url_utils-inl.h */; };
		7D3649201C2D1783002BD79E /* string_utils.h in Copy Files */ = {isa = PBXBuildFile; fileRef = 7DBC2AE71C2BD3FF00425A60 /* string_utils.h */; };
		7D3649211C2D1785002BD79E /* socket_io.h in Copy Files */ = {isa = PBXBuildFile; fileRef = 7DBC2AE61C2BD3FF00425A60 /* socket_io.h */; };
		7D3649221C2D1788002BD79E /* sio_client.h in Copy Files */ = {isa = PBXBuildFile; fileRef = 7DBC2AE21C2BD3FF00425A60 /* sio_client.h */; };
		7D3649231C2D1791002BD79E /* sakura.h in Copy Files */ = {isa = PBXBuildFile; fileRef = 7DBC2ADE1C2BD3FF00425A60 /* sakura.h */; };
		7D3649241C2D1793002BD79E /* macros.h in Copy Files */ = {isa = PBXBuildFile; fileRef = 7DBC2ADD1C2BD3FF00425A60 /* macros.h */; };
		7D3649251C2D1794002BD79E /* log.h in Copy Files */ = {isa = PBXBuildFile; fileRef = 7DBC2ADC1C2BD3FF00425A60 /* log.h */; };
		7D3649261C2D1796002BD79E /* http_response.h in Copy Files */ = {isa = PBXBuildFile; fileRef = 7DBC2ADB1C2BD3FF00425A60 /* http_response.h */; };
		7D3649271C2D1797002BD79E /* http_request.h in Copy Files */ = {isa = PBXBuildFile; fileRef = 7DBC2AD91C2BD3FF00425A60 /* http_request.h */; };
		7D3649281C2D1799002BD79E /* http_multipart_request.h in Copy Files */ = {isa = PBXBuildFile; fileRef = 7DBC2AD71C2BD3FF00425A60 /* http_multipart_request.h */; };
		7D3649291C2D179D002BD79E /* http_client.h in Copy Files */ = {isa = PBXBuildFile; fileRef = 7DBC2AD51C2BD3FF00425A60 /* http_client.h */; };
		7D36492A1C2D17A0002BD79E /* file_utils.h in Copy Files */ = {isa = PBXBuildFile; fileRef = 7DBC2AD31C2BD3FF00425A60 /* file_utils.h */; };
		7D36492C1C2D17FD002BD79E /* file_utils.cc in Sources */ = {isa = PBXBuildFile; fileRef = 7DBC2AD21C2BD3FF00425A60 /* file_utils.cc */; };
		7D36492D1C2D17FF002BD79E /* http_client.cc in Sources */ = {isa = PBXBuildFile; fileRef = 7DBC2AD41C2BD3FF00425A60 /* http_client.cc */; };
		7D36492E1C2D1801002BD79E /* http_multipart_request.cc in Sources */ = {isa = PBXBuildFile; fileRef = 7DBC2AD61C2BD3FF00425A60 /* http_multipart_request.cc */; };
		7D36492F1C2D1805002BD79E /* http_request.cc in Sources */ = {isa = PBXBuildFile; fileRef = 7DBC2AD81C2BD3FF00425A60 /* http_request.cc */; };
		7D3649301C2D1807002BD79E /* http_response.cc in Sources */ = {isa = PBXBuildFile; fileRef = 7DBC2ADA1C2BD3FF00425A60 /* http_response.cc */; };
		7D3649311C2D180C002BD79E /* sio_client_impl.cc in Sources */ = {isa = PBXBuildFile; fileRef = 7DBC2ADF1C2BD3FF00425A60 /* sio_client_impl.cc */; };
		7D3649321C2D180E002BD79E /* sio_client.cc in Sources */ = {isa = PBXBuildFile; fileRef = 7DBC2AE11C2BD3FF00425A60 /* sio_client.cc */; };
		7D3649331C2D1816002BD79E /* sio_packet.cc in Sources */ = {isa = PBXBuildFile; fileRef = 7DBC2AE31C2BD3FF00425A60 /* sio_packet.cc */; };
		7D3649341C2D1818002BD79E /* socket_io.cc in Sources */ = {isa = PBXBuildFile; fileRef = 7DBC2AE51C2BD3FF00425A60 /* socket_io.cc */; };
		7D3649351C2D181B002BD79E /* websocket_thread_helper.cc in Sources */ = {isa = PBXBuildFile; fileRef = 7DBC2AE91C2BD3FF00425A60 /* websocket_thread_helper.cc */; };
		7D3649361C2D1821002BD79E /* websocket.cc in Sources */ = {isa = PBXBuildFile; fileRef = 7DBC2AEB1C2BD3FF00425A60 /* websocket.cc */; };
		7D3649371C2D1823002BD79E /* file_utils_ios.mm in Sources */ = {isa = PBXBuildFile; fileRef = 7DBC2B0A1C2BD40600425A60 /* file_utils_ios.mm */; };
		7D3649381C2D1825002BD79E /* http_client_cocoa.mm in Sources */ = {isa = PBXBuildFile; fileRef = 7DBC2B0B1C2BD40600425A60 /* http_client_cocoa.mm */; };
		7D3649391C2D1826002BD79E /* log_cocoa.mm in Sources */ = {isa = PBXBuildFile; fileRef = 7DBC2B0C1C2BD40600425A60 /* log_cocoa.mm */; };
		7D36493A1C2D1827002BD79E /* websocket_thread_helper_cocoa.mm in Sources */ = {isa = PBXBuildFile; fileRef = 7DBC2B0D1C2BD40600425A60 /* websocket_thread_helper_cocoa.mm */; };
		7D6197DB1C293F3200C42B19 /* json11.cpp in Sources */ = {isa = PBXBuildFile; fileRef = 7D6197D91C293F3200C42B19 /* json11.cpp */; };
		7D6197DC1C293F3200C42B19 /* json11.hpp in Headers */ = {isa = PBXBuildFile; fileRef = 7D6197DA1C293F3200C42B19 /* json11.hpp */; settings = {ATTRIBUTES = (Public, ); }; };
		7D628E271C27D3B700CBC088 /* libcurl.a in Frameworks */ = {isa = PBXBuildFile; fileRef = 7D628E261C27D3B700CBC088 /* libcurl.a */; };
		7D628E291C27D3C400CBC088 /* Security.framework in Frameworks */ = {isa = PBXBuildFile; fileRef = 7D628E281C27D3C400CBC088 /* Security.framework */; };
		7D628E2C1C27D40600CBC088 /* libcrypto.a in Frameworks */ = {isa = PBXBuildFile; fileRef = 7D628E2A1C27D40600CBC088 /* libcrypto.a */; };
		7D628E2D1C27D40600CBC088 /* libssl.a in Frameworks */ = {isa = PBXBuildFile; fileRef = 7D628E2B1C27D40600CBC088 /* libssl.a */; };
		7DBC2AED1C2BD3FF00425A60 /* file_utils.cc in Sources */ = {isa = PBXBuildFile; fileRef = 7DBC2AD21C2BD3FF00425A60 /* file_utils.cc */; };
		7DBC2AEE1C2BD3FF00425A60 /* file_utils.h in Headers */ = {isa = PBXBuildFile; fileRef = 7DBC2AD31C2BD3FF00425A60 /* file_utils.h */; settings = {ATTRIBUTES = (Public, ); }; };
		7DBC2AEF1C2BD3FF00425A60 /* http_client.cc in Sources */ = {isa = PBXBuildFile; fileRef = 7DBC2AD41C2BD3FF00425A60 /* http_client.cc */; };
		7DBC2AF01C2BD3FF00425A60 /* http_client.h in Headers */ = {isa = PBXBuildFile; fileRef = 7DBC2AD51C2BD3FF00425A60 /* http_client.h */; settings = {ATTRIBUTES = (Public, ); }; };
		7DBC2AF11C2BD3FF00425A60 /* http_multipart_request.cc in Sources */ = {isa = PBXBuildFile; fileRef = 7DBC2AD61C2BD3FF00425A60 /* http_multipart_request.cc */; };
		7DBC2AF21C2BD3FF00425A60 /* http_multipart_request.h in Headers */ = {isa = PBXBuildFile; fileRef = 7DBC2AD71C2BD3FF00425A60 /* http_multipart_request.h */; settings = {ATTRIBUTES = (Public, ); }; };
		7DBC2AF31C2BD3FF00425A60 /* http_request.cc in Sources */ = {isa = PBXBuildFile; fileRef = 7DBC2AD81C2BD3FF00425A60 /* http_request.cc */; };
		7DBC2AF41C2BD3FF00425A60 /* http_request.h in Headers */ = {isa = PBXBuildFile; fileRef = 7DBC2AD91C2BD3FF00425A60 /* http_request.h */; settings = {ATTRIBUTES = (Public, ); }; };
		7DBC2AF51C2BD3FF00425A60 /* http_response.cc in Sources */ = {isa = PBXBuildFile; fileRef = 7DBC2ADA1C2BD3FF00425A60 /* http_response.cc */; };
		7DBC2AF61C2BD3FF00425A60 /* http_response.h in Headers */ = {isa = PBXBuildFile; fileRef = 7DBC2ADB1C2BD3FF00425A60 /* http_response.h */; settings = {ATTRIBUTES = (Public, ); }; };
		7DBC2AF71C2BD3FF00425A60 /* log.h in Headers */ = {isa = PBXBuildFile; fileRef = 7DBC2ADC1C2BD3FF00425A60 /* log.h */; settings = {ATTRIBUTES = (Public, ); }; };
		7DBC2AF81C2BD3FF00425A60 /* macros.h in Headers */ = {isa = PBXBuildFile; fileRef = 7DBC2ADD1C2BD3FF00425A60 /* macros.h */; settings = {ATTRIBUTES = (Public, ); }; };
		7DBC2AF91C2BD3FF00425A60 /* sakura.h in Headers */ = {isa = PBXBuildFile; fileRef = 7DBC2ADE1C2BD3FF00425A60 /* sakura.h */; settings = {ATTRIBUTES = (Public, ); }; };
		7DBC2AFA1C2BD3FF00425A60 /* sio_client_impl.cc in Sources */ = {isa = PBXBuildFile; fileRef = 7DBC2ADF1C2BD3FF00425A60 /* sio_client_impl.cc */; };
		7DBC2AFB1C2BD3FF00425A60 /* sio_client_impl.h in Headers */ = {isa = PBXBuildFile; fileRef = 7DBC2AE01C2BD3FF00425A60 /* sio_client_impl.h */; settings = {ATTRIBUTES = (Public, ); }; };
		7DBC2AFC1C2BD3FF00425A60 /* sio_client.cc in Sources */ = {isa = PBXBuildFile; fileRef = 7DBC2AE11C2BD3FF00425A60 /* sio_client.cc */; };
		7DBC2AFD1C2BD3FF00425A60 /* sio_client.h in Headers */ = {isa = PBXBuildFile; fileRef = 7DBC2AE21C2BD3FF00425A60 /* sio_client.h */; settings = {ATTRIBUTES = (Public, ); }; };
		7DBC2AFE1C2BD3FF00425A60 /* sio_packet.cc in Sources */ = {isa = PBXBuildFile; fileRef = 7DBC2AE31C2BD3FF00425A60 /* sio_packet.cc */; };
		7DBC2AFF1C2BD3FF00425A60 /* sio_packet.h in Headers */ = {isa = PBXBuildFile; fileRef = 7DBC2AE41C2BD3FF00425A60 /* sio_packet.h */; settings = {ATTRIBUTES = (Public, ); }; };
		7DBC2B001C2BD3FF00425A60 /* socket_io.cc in Sources */ = {isa = PBXBuildFile; fileRef = 7DBC2AE51C2BD3FF00425A60 /* socket_io.cc */; };
		7DBC2B011C2BD3FF00425A60 /* socket_io.h in Headers */ = {isa = PBXBuildFile; fileRef = 7DBC2AE61C2BD3FF00425A60 /* socket_io.h */; settings = {ATTRIBUTES = (Public, ); }; };
		7DBC2B021C2BD3FF00425A60 /* string_utils.h in Headers */ = {isa = PBXBuildFile; fileRef = 7DBC2AE71C2BD3FF00425A60 /* string_utils.h */; settings = {ATTRIBUTES = (Public, ); }; };
		7DBC2B031C2BD3FF00425A60 /* url_utils-inl.h in Headers */ = {isa = PBXBuildFile; fileRef = 7DBC2AE81C2BD3FF00425A60 /* url_utils-inl.h */; settings = {ATTRIBUTES = (Public, ); }; };
		7DBC2B041C2BD3FF00425A60 /* websocket_thread_helper.cc in Sources */ = {isa = PBXBuildFile; fileRef = 7DBC2AE91C2BD3FF00425A60 /* websocket_thread_helper.cc */; };
		7DBC2B051C2BD3FF00425A60 /* websocket_thread_helper.h in Headers */ = {isa = PBXBuildFile; fileRef = 7DBC2AEA1C2BD3FF00425A60 /* websocket_thread_helper.h */; settings = {ATTRIBUTES = (Public, ); }; };
		7DBC2B061C2BD3FF00425A60 /* websocket.cc in Sources */ = {isa = PBXBuildFile; fileRef = 7DBC2AEB1C2BD3FF00425A60 /* websocket.cc */; };
		7DBC2B071C2BD3FF00425A60 /* websocket.h in Headers */ = {isa = PBXBuildFile; fileRef = 7DBC2AEC1C2BD3FF00425A60 /* websocket.h */; settings = {ATTRIBUTES = (Public, ); }; };
		7DBC2B0E1C2BD40600425A60 /* file_utils_ios.h in Headers */ = {isa = PBXBuildFile; fileRef = 7DBC2B091C2BD40600425A60 /* file_utils_ios.h */; settings = {ATTRIBUTES = (Public, ); }; };
		7DBC2B0F1C2BD40600425A60 /* file_utils_ios.mm in Sources */ = {isa = PBXBuildFile; fileRef = 7DBC2B0A1C2BD40600425A60 /* file_utils_ios.mm */; };
		7DBC2B101C2BD40600425A60 /* http_client_cocoa.mm in Sources */ = {isa = PBXBuildFile; fileRef = 7DBC2B0B1C2BD40600425A60 /* http_client_cocoa.mm */; };
		7DBC2B111C2BD40600425A60 /* log_cocoa.mm in Sources */ = {isa = PBXBuildFile; fileRef = 7DBC2B0C1C2BD40600425A60 /* log_cocoa.mm */; };
		7DBC2B121C2BD40600425A60 /* websocket_thread_helper_cocoa.mm in Sources */ = {isa = PBXBuildFile; fileRef = 7DBC2B0D1C2BD40600425A60 /* websocket_thread_helper_cocoa.mm */; };
		7DC00B731C2A5F16002A6099 /* libwebsockets.a in Frameworks */ = {isa = PBXBuildFile; fileRef = 7DC00B721C2A5F16002A6099 /* libwebsockets.a */; };
/* End PBXBuildFile section */

/* Begin PBXCopyFilesBuildPhase section */
		7D3649131C2D1746002BD79E /* Copy Files */ = {
			isa = PBXCopyFilesBuildPhase;
			buildActionMask = 2147483647;
			dstPath = "include/$(PRODUCT_NAME)";
			dstSubfolderSpec = 16;
			files = (
				7D3649231C2D1791002BD79E /* sakura.h in Copy Files */,
				7D36491E1C2D177B002BD79E /* websocket.h in Copy Files */,
				7D36491F1C2D1781002BD79E /* url_utils-inl.h in Copy Files */,
				7D3649201C2D1783002BD79E /* string_utils.h in Copy Files */,
				7D3649221C2D1788002BD79E /* sio_client.h in Copy Files */,
				7D3649241C2D1793002BD79E /* macros.h in Copy Files */,
				7D3649211C2D1785002BD79E /* socket_io.h in Copy Files */,
				7D3649271C2D1797002BD79E /* http_request.h in Copy Files */,
				7D3649251C2D1794002BD79E /* log.h in Copy Files */,
				7D3649281C2D1799002BD79E /* http_multipart_request.h in Copy Files */,
				7D3649261C2D1796002BD79E /* http_response.h in Copy Files */,
				7D3649291C2D179D002BD79E /* http_client.h in Copy Files */,
				7D36492A1C2D17A0002BD79E /* file_utils.h in Copy Files */,
			);
			name = "Copy Files";
			runOnlyForDeploymentPostprocessing = 0;
		};
/* End PBXCopyFilesBuildPhase section */

/* Begin PBXFileReference section */
		7D3649151C2D1746002BD79E /* libsakura.a */ = {isa = PBXFileReference; explicitFileType = archive.ar; includeInIndex = 0; path = libsakura.a; sourceTree = BUILT_PRODUCTS_DIR; };
		7D3649171C2D1746002BD79E /* libsakura.h */ = {isa = PBXFileReference; lastKnownFileType = sourcecode.c.h; path = libsakura.h; sourceTree = "<group>"; };
		7D3649191C2D1746002BD79E /* libsakura.m */ = {isa = PBXFileReference; lastKnownFileType = sourcecode.c.objc; path = libsakura.m; sourceTree = "<group>"; };
		7D6197D91C293F3200C42B19 /* json11.cpp */ = {isa = PBXFileReference; fileEncoding = 4; lastKnownFileType = sourcecode.cpp.cpp; path = json11.cpp; sourceTree = "<group>"; };
		7D6197DA1C293F3200C42B19 /* json11.hpp */ = {isa = PBXFileReference; fileEncoding = 4; lastKnownFileType = sourcecode.cpp.h; path = json11.hpp; sourceTree = "<group>"; };
		7D628D731C27D11600CBC088 /* sakura.framework */ = {isa = PBXFileReference; explicitFileType = wrapper.framework; includeInIndex = 0; path = sakura.framework; sourceTree = BUILT_PRODUCTS_DIR; };
		7D628D781C27D11600CBC088 /* Info.plist */ = {isa = PBXFileReference; lastKnownFileType = text.plist.xml; name = Info.plist; path = ../sakura/Info.plist; sourceTree = "<group>"; };
		7D628DD11C27D21600CBC088 /* ios-common.xcconfig */ = {isa = PBXFileReference; lastKnownFileType = text.xcconfig; path = "ios-common.xcconfig"; sourceTree = "<group>"; };
		7D628DD21C27D21600CBC088 /* ios-debug.xcconfig */ = {isa = PBXFileReference; lastKnownFileType = text.xcconfig; path = "ios-debug.xcconfig"; sourceTree = "<group>"; };
		7D628DD31C27D21600CBC088 /* ios-gtest.xcconfig */ = {isa = PBXFileReference; lastKnownFileType = text.xcconfig; path = "ios-gtest.xcconfig"; sourceTree = "<group>"; };
		7D628DD41C27D21600CBC088 /* ios-release.xcconfig */ = {isa = PBXFileReference; lastKnownFileType = text.xcconfig; path = "ios-release.xcconfig"; sourceTree = "<group>"; };
		7D628E261C27D3B700CBC088 /* libcurl.a */ = {isa = PBXFileReference; lastKnownFileType = archive.ar; name = libcurl.a; path = ../../external/curl/prebuilt/iOS/libcurl.a; sourceTree = "<group>"; };
		7D628E281C27D3C400CBC088 /* Security.framework */ = {isa = PBXFileReference; lastKnownFileType = wrapper.framework; name = Security.framework; path = System/Library/Frameworks/Security.framework; sourceTree = SDKROOT; };
		7D628E2A1C27D40600CBC088 /* libcrypto.a */ = {isa = PBXFileReference; lastKnownFileType = archive.ar; name = libcrypto.a; path = ../../external/openssl/lib/libcrypto.a; sourceTree = "<group>"; };
		7D628E2B1C27D40600CBC088 /* libssl.a */ = {isa = PBXFileReference; lastKnownFileType = archive.ar; name = libssl.a; path = ../../external/openssl/lib/libssl.a; sourceTree = "<group>"; };
		7DBC2AD21C2BD3FF00425A60 /* file_utils.cc */ = {isa = PBXFileReference; fileEncoding = 4; lastKnownFileType = sourcecode.cpp.cpp; name = file_utils.cc; path = ../sakura/file_utils.cc; sourceTree = "<group>"; };
		7DBC2AD31C2BD3FF00425A60 /* file_utils.h */ = {isa = PBXFileReference; fileEncoding = 4; lastKnownFileType = sourcecode.c.h; name = file_utils.h; path = ../sakura/file_utils.h; sourceTree = "<group>"; };
		7DBC2AD41C2BD3FF00425A60 /* http_client.cc */ = {isa = PBXFileReference; fileEncoding = 4; lastKnownFileType = sourcecode.cpp.cpp; name = http_client.cc; path = ../sakura/http_client.cc; sourceTree = "<group>"; };
		7DBC2AD51C2BD3FF00425A60 /* http_client.h */ = {isa = PBXFileReference; fileEncoding = 4; lastKnownFileType = sourcecode.c.h; name = http_client.h; path = ../sakura/http_client.h; sourceTree = "<group>"; };
		7DBC2AD61C2BD3FF00425A60 /* http_multipart_request.cc */ = {isa = PBXFileReference; fileEncoding = 4; lastKnownFileType = sourcecode.cpp.cpp; name = http_multipart_request.cc; path = ../sakura/http_multipart_request.cc; sourceTree = "<group>"; };
		7DBC2AD71C2BD3FF00425A60 /* http_multipart_request.h */ = {isa = PBXFileReference; fileEncoding = 4; lastKnownFileType = sourcecode.c.h; name = http_multipart_request.h; path = ../sakura/http_multipart_request.h; sourceTree = "<group>"; };
		7DBC2AD81C2BD3FF00425A60 /* http_request.cc */ = {isa = PBXFileReference; fileEncoding = 4; lastKnownFileType = sourcecode.cpp.cpp; name = http_request.cc; path = ../sakura/http_request.cc; sourceTree = "<group>"; };
		7DBC2AD91C2BD3FF00425A60 /* http_request.h */ = {isa = PBXFileReference; fileEncoding = 4; lastKnownFileType = sourcecode.c.h; name = http_request.h; path = ../sakura/http_request.h; sourceTree = "<group>"; };
		7DBC2ADA1C2BD3FF00425A60 /* http_response.cc */ = {isa = PBXFileReference; fileEncoding = 4; lastKnownFileType = sourcecode.cpp.cpp; name = http_response.cc; path = ../sakura/http_response.cc; sourceTree = "<group>"; };
		7DBC2ADB1C2BD3FF00425A60 /* http_response.h */ = {isa = PBXFileReference; fileEncoding = 4; lastKnownFileType = sourcecode.c.h; name = http_response.h; path = ../sakura/http_response.h; sourceTree = "<group>"; };
		7DBC2ADC1C2BD3FF00425A60 /* log.h */ = {isa = PBXFileReference; fileEncoding = 4; lastKnownFileType = sourcecode.c.h; name = log.h; path = ../sakura/log.h; sourceTree = "<group>"; };
		7DBC2ADD1C2BD3FF00425A60 /* macros.h */ = {isa = PBXFileReference; fileEncoding = 4; lastKnownFileType = sourcecode.c.h; name = macros.h; path = ../sakura/macros.h; sourceTree = "<group>"; };
		7DBC2ADE1C2BD3FF00425A60 /* sakura.h */ = {isa = PBXFileReference; fileEncoding = 4; lastKnownFileType = sourcecode.c.h; name = sakura.h; path = ../sakura/sakura.h; sourceTree = "<group>"; };
		7DBC2ADF1C2BD3FF00425A60 /* sio_client_impl.cc */ = {isa = PBXFileReference; fileEncoding = 4; lastKnownFileType = sourcecode.cpp.cpp; name = sio_client_impl.cc; path = ../sakura/sio_client_impl.cc; sourceTree = "<group>"; };
		7DBC2AE01C2BD3FF00425A60 /* sio_client_impl.h */ = {isa = PBXFileReference; fileEncoding = 4; lastKnownFileType = sourcecode.c.h; name = sio_client_impl.h; path = ../sakura/sio_client_impl.h; sourceTree = "<group>"; };
		7DBC2AE11C2BD3FF00425A60 /* sio_client.cc */ = {isa = PBXFileReference; fileEncoding = 4; lastKnownFileType = sourcecode.cpp.cpp; name = sio_client.cc; path = ../sakura/sio_client.cc; sourceTree = "<group>"; };
		7DBC2AE21C2BD3FF00425A60 /* sio_client.h */ = {isa = PBXFileReference; fileEncoding = 4; lastKnownFileType = sourcecode.c.h; name = sio_client.h; path = ../sakura/sio_client.h; sourceTree = "<group>"; };
		7DBC2AE31C2BD3FF00425A60 /* sio_packet.cc */ = {isa = PBXFileReference; fileEncoding = 4; lastKnownFileType = sourcecode.cpp.cpp; name = sio_packet.cc; path = ../sakura/sio_packet.cc; sourceTree = "<group>"; };
		7DBC2AE41C2BD3FF00425A60 /* sio_packet.h */ = {isa = PBXFileReference; fileEncoding = 4; lastKnownFileType = sourcecode.c.h; name = sio_packet.h; path = ../sakura/sio_packet.h; sourceTree = "<group>"; };
		7DBC2AE51C2BD3FF00425A60 /* socket_io.cc */ = {isa = PBXFileReference; fileEncoding = 4; lastKnownFileType = sourcecode.cpp.cpp; name = socket_io.cc; path = ../sakura/socket_io.cc; sourceTree = "<group>"; };
		7DBC2AE61C2BD3FF00425A60 /* socket_io.h */ = {isa = PBXFileReference; fileEncoding = 4; lastKnownFileType = sourcecode.c.h; name = socket_io.h; path = ../sakura/socket_io.h; sourceTree = "<group>"; };
		7DBC2AE71C2BD3FF00425A60 /* string_utils.h */ = {isa = PBXFileReference; fileEncoding = 4; lastKnownFileType = sourcecode.c.h; name = string_utils.h; path = ../sakura/string_utils.h; sourceTree = "<group>"; };
		7DBC2AE81C2BD3FF00425A60 /* url_utils-inl.h */ = {isa = PBXFileReference; fileEncoding = 4; lastKnownFileType = sourcecode.c.h; name = "url_utils-inl.h"; path = "../sakura/url_utils-inl.h"; sourceTree = "<group>"; };
		7DBC2AE91C2BD3FF00425A60 /* websocket_thread_helper.cc */ = {isa = PBXFileReference; fileEncoding = 4; lastKnownFileType = sourcecode.cpp.cpp; name = websocket_thread_helper.cc; path = ../sakura/websocket_thread_helper.cc; sourceTree = "<group>"; };
		7DBC2AEA1C2BD3FF00425A60 /* websocket_thread_helper.h */ = {isa = PBXFileReference; fileEncoding = 4; lastKnownFileType = sourcecode.c.h; name = websocket_thread_helper.h; path = ../sakura/websocket_thread_helper.h; sourceTree = "<group>"; };
		7DBC2AEB1C2BD3FF00425A60 /* websocket.cc */ = {isa = PBXFileReference; fileEncoding = 4; lastKnownFileType = sourcecode.cpp.cpp; name = websocket.cc; path = ../sakura/websocket.cc; sourceTree = "<group>"; };
		7DBC2AEC1C2BD3FF00425A60 /* websocket.h */ = {isa = PBXFileReference; fileEncoding = 4; lastKnownFileType = sourcecode.c.h; name = websocket.h; path = ../sakura/websocket.h; sourceTree = "<group>"; };
		7DBC2B091C2BD40600425A60 /* file_utils_ios.h */ = {isa = PBXFileReference; fileEncoding = 4; lastKnownFileType = sourcecode.c.h; path = file_utils_ios.h; sourceTree = "<group>"; };
		7DBC2B0A1C2BD40600425A60 /* file_utils_ios.mm */ = {isa = PBXFileReference; fileEncoding = 4; lastKnownFileType = sourcecode.cpp.objcpp; path = file_utils_ios.mm; sourceTree = "<group>"; };
		7DBC2B0B1C2BD40600425A60 /* http_client_cocoa.mm */ = {isa = PBXFileReference; fileEncoding = 4; lastKnownFileType = sourcecode.cpp.objcpp; path = http_client_cocoa.mm; sourceTree = "<group>"; };
		7DBC2B0C1C2BD40600425A60 /* log_cocoa.mm */ = {isa = PBXFileReference; fileEncoding = 4; lastKnownFileType = sourcecode.cpp.objcpp; path = log_cocoa.mm; sourceTree = "<group>"; };
		7DBC2B0D1C2BD40600425A60 /* websocket_thread_helper_cocoa.mm */ = {isa = PBXFileReference; fileEncoding = 4; lastKnownFileType = sourcecode.cpp.objcpp; path = websocket_thread_helper_cocoa.mm; sourceTree = "<group>"; };
		7DC00B721C2A5F16002A6099 /* libwebsockets.a */ = {isa = PBXFileReference; lastKnownFileType = archive.ar; name = libwebsockets.a; path = ../../external/websockets/prebuilt/ios/libwebsockets.a; sourceTree = "<group>"; };
/* End PBXFileReference section */

/* Begin PBXFrameworksBuildPhase section */
		7D3649121C2D1746002BD79E /* Frameworks */ = {
			isa = PBXFrameworksBuildPhase;
			buildActionMask = 2147483647;
			files = (
			);
			runOnlyForDeploymentPostprocessing = 0;
		};
		7D628D6F1C27D11600CBC088 /* Frameworks */ = {
			isa = PBXFrameworksBuildPhase;
			buildActionMask = 2147483647;
			files = (
				7D628E2D1C27D40600CBC088 /* libssl.a in Frameworks */,
				7D628E291C27D3C400CBC088 /* Security.framework in Frameworks */,
				7DC00B731C2A5F16002A6099 /* libwebsockets.a in Frameworks */,
				7D628E271C27D3B700CBC088 /* libcurl.a in Frameworks */,
				7D628E2C1C27D40600CBC088 /* libcrypto.a in Frameworks */,
			);
			runOnlyForDeploymentPostprocessing = 0;
		};
/* End PBXFrameworksBuildPhase section */

/* Begin PBXGroup section */
		7D3649161C2D1746002BD79E /* libsakura */ = {
			isa = PBXGroup;
			children = (
				7D3649171C2D1746002BD79E /* libsakura.h */,
				7D3649191C2D1746002BD79E /* libsakura.m */,
			);
			path = libsakura;
			sourceTree = "<group>";
		};
		7D6197D81C293F3200C42B19 /* json11 */ = {
			isa = PBXGroup;
			children = (
				7D6197D91C293F3200C42B19 /* json11.cpp */,
				7D6197DA1C293F3200C42B19 /* json11.hpp */,
			);
			name = json11;
			path = ../../external/json11;
			sourceTree = "<group>";
		};
		7D628D691C27D11600CBC088 = {
			isa = PBXGroup;
			children = (
				7D628D751C27D11600CBC088 /* sakura */,
				7D3649161C2D1746002BD79E /* libsakura */,
				7D628D741C27D11600CBC088 /* Products */,
			);
			sourceTree = "<group>";
		};
		7D628D741C27D11600CBC088 /* Products */ = {
			isa = PBXGroup;
			children = (
				7D628D731C27D11600CBC088 /* sakura.framework */,
				7D3649151C2D1746002BD79E /* libsakura.a */,
			);
			name = Products;
			sourceTree = "<group>";
		};
		7D628D751C27D11600CBC088 /* sakura */ = {
			isa = PBXGroup;
			children = (
				7D628DCE1C27D18100CBC088 /* config */,
				7D628DD51C27D32F00CBC088 /* core */,
				7D628E251C27D3A900CBC088 /* external */,
			);
			path = sakura;
			sourceTree = "<group>";
		};
		7D628DCE1C27D18100CBC088 /* config */ = {
			isa = PBXGroup;
			children = (
				7D628DD11C27D21600CBC088 /* ios-common.xcconfig */,
				7D628DD21C27D21600CBC088 /* ios-debug.xcconfig */,
				7D628DD41C27D21600CBC088 /* ios-release.xcconfig */,
				7D628DD31C27D21600CBC088 /* ios-gtest.xcconfig */,
				7D628D781C27D11600CBC088 /* Info.plist */,
			);
			path = config;
			sourceTree = SOURCE_ROOT;
		};
		7D628DD51C27D32F00CBC088 /* core */ = {
			isa = PBXGroup;
			children = (
				7DBC2B081C2BD40600425A60 /* cocoa */,
				7DBC2AD21C2BD3FF00425A60 /* file_utils.cc */,
				7DBC2AD31C2BD3FF00425A60 /* file_utils.h */,
				7DBC2AD41C2BD3FF00425A60 /* http_client.cc */,
				7DBC2AD51C2BD3FF00425A60 /* http_client.h */,
				7DBC2AD61C2BD3FF00425A60 /* http_multipart_request.cc */,
				7DBC2AD71C2BD3FF00425A60 /* http_multipart_request.h */,
				7DBC2AD81C2BD3FF00425A60 /* http_request.cc */,
				7DBC2AD91C2BD3FF00425A60 /* http_request.h */,
				7DBC2ADA1C2BD3FF00425A60 /* http_response.cc */,
				7DBC2ADB1C2BD3FF00425A60 /* http_response.h */,
				7DBC2ADC1C2BD3FF00425A60 /* log.h */,
				7DBC2ADD1C2BD3FF00425A60 /* macros.h */,
				7DBC2ADE1C2BD3FF00425A60 /* sakura.h */,
				7DBC2ADF1C2BD3FF00425A60 /* sio_client_impl.cc */,
				7DBC2AE01C2BD3FF00425A60 /* sio_client_impl.h */,
				7DBC2AE11C2BD3FF00425A60 /* sio_client.cc */,
				7DBC2AE21C2BD3FF00425A60 /* sio_client.h */,
				7DBC2AE31C2BD3FF00425A60 /* sio_packet.cc */,
				7DBC2AE41C2BD3FF00425A60 /* sio_packet.h */,
				7DBC2AE51C2BD3FF00425A60 /* socket_io.cc */,
				7DBC2AE61C2BD3FF00425A60 /* socket_io.h */,
				7DBC2AE71C2BD3FF00425A60 /* string_utils.h */,
				7DBC2AE81C2BD3FF00425A60 /* url_utils-inl.h */,
				7DBC2AE91C2BD3FF00425A60 /* websocket_thread_helper.cc */,
				7DBC2AEA1C2BD3FF00425A60 /* websocket_thread_helper.h */,
				7DBC2AEB1C2BD3FF00425A60 /* websocket.cc */,
				7DBC2AEC1C2BD3FF00425A60 /* websocket.h */,
			);
			name = core;
			path = ../../core;
			sourceTree = "<group>";
		};
		7D628E251C27D3A900CBC088 /* external */ = {
			isa = PBXGroup;
			children = (
				7D6197D81C293F3200C42B19 /* json11 */,
				7D628E2A1C27D40600CBC088 /* libcrypto.a */,
				7DC00B721C2A5F16002A6099 /* libwebsockets.a */,
				7D628E2B1C27D40600CBC088 /* libssl.a */,
				7D628E261C27D3B700CBC088 /* libcurl.a */,
				7D628E281C27D3C400CBC088 /* Security.framework */,
			);
			name = external;
			sourceTree = "<group>";
		};
		7DBC2B081C2BD40600425A60 /* cocoa */ = {
			isa = PBXGroup;
			children = (
				7DBC2B091C2BD40600425A60 /* file_utils_ios.h */,
				7DBC2B0A1C2BD40600425A60 /* file_utils_ios.mm */,
				7DBC2B0B1C2BD40600425A60 /* http_client_cocoa.mm */,
				7DBC2B0C1C2BD40600425A60 /* log_cocoa.mm */,
				7DBC2B0D1C2BD40600425A60 /* websocket_thread_helper_cocoa.mm */,
			);
			name = cocoa;
			path = ../sakura/cocoa;
			sourceTree = "<group>";
		};
/* End PBXGroup section */

/* Begin PBXHeadersBuildPhase section */
		7D628D701C27D11600CBC088 /* Headers */ = {
			isa = PBXHeadersBuildPhase;
			buildActionMask = 2147483647;
			files = (
				7DBC2B031C2BD3FF00425A60 /* url_utils-inl.h in Headers */,
				7DBC2AEE1C2BD3FF00425A60 /* file_utils.h in Headers */,
				7DBC2AF71C2BD3FF00425A60 /* log.h in Headers */,
				7DBC2B011C2BD3FF00425A60 /* socket_io.h in Headers */,
				7DBC2AF41C2BD3FF00425A60 /* http_request.h in Headers */,
				7DBC2AFD1C2BD3FF00425A60 /* sio_client.h in Headers */,
				7DBC2AFF1C2BD3FF00425A60 /* sio_packet.h in Headers */,
				7DBC2AF81C2BD3FF00425A60 /* macros.h in Headers */,
				7DBC2B021C2BD3FF00425A60 /* string_utils.h in Headers */,
				7DBC2AF01C2BD3FF00425A60 /* http_client.h in Headers */,
				7DBC2AFB1C2BD3FF00425A60 /* sio_client_impl.h in Headers */,
				7DBC2AF61C2BD3FF00425A60 /* http_response.h in Headers */,
				7DBC2B0E1C2BD40600425A60 /* file_utils_ios.h in Headers */,
				7DBC2B051C2BD3FF00425A60 /* websocket_thread_helper.h in Headers */,
				7D6197DC1C293F3200C42B19 /* json11.hpp in Headers */,
				7DBC2AF21C2BD3FF00425A60 /* http_multipart_request.h in Headers */,
				7DBC2B071C2BD3FF00425A60 /* websocket.h in Headers */,
				7DBC2AF91C2BD3FF00425A60 /* sakura.h in Headers */,
			);
			runOnlyForDeploymentPostprocessing = 0;
		};
/* End PBXHeadersBuildPhase section */

/* Begin PBXNativeTarget section */
		7D3649141C2D1746002BD79E /* libsakura */ = {
			isa = PBXNativeTarget;
			buildConfigurationList = 7D36491D1C2D1746002BD79E /* Build configuration list for PBXNativeTarget "libsakura" */;
			buildPhases = (
				7D3649111C2D1746002BD79E /* Sources */,
				7D3649121C2D1746002BD79E /* Frameworks */,
				7D3649131C2D1746002BD79E /* Copy Files */,
				7DE9C69B1C2E103000A0DE29 /* ShellScript */,
			);
			buildRules = (
			);
			dependencies = (
			);
			name = libsakura;
			productName = libsakura;
			productReference = 7D3649151C2D1746002BD79E /* libsakura.a */;
			productType = "com.apple.product-type.library.static";
		};
		7D628D721C27D11600CBC088 /* sakura */ = {
			isa = PBXNativeTarget;
			buildConfigurationList = 7D628D7B1C27D11600CBC088 /* Build configuration list for PBXNativeTarget "sakura" */;
			buildPhases = (
				7D628D6E1C27D11600CBC088 /* Sources */,
				7D628D6F1C27D11600CBC088 /* Frameworks */,
				7D628D701C27D11600CBC088 /* Headers */,
				7D628D711C27D11600CBC088 /* Resources */,
			);
			buildRules = (
			);
			dependencies = (
			);
			name = sakura;
			productName = sakura;
			productReference = 7D628D731C27D11600CBC088 /* sakura.framework */;
			productType = "com.apple.product-type.framework";
		};
/* End PBXNativeTarget section */

/* Begin PBXProject section */
		7D628D6A1C27D11600CBC088 /* Project object */ = {
			isa = PBXProject;
			attributes = {
				LastUpgradeCheck = 0720;
				ORGANIZATIONNAME = "Frank Lin";
				TargetAttributes = {
					7D3649141C2D1746002BD79E = {
						CreatedOnToolsVersion = 7.2;
					};
					7D628D721C27D11600CBC088 = {
						CreatedOnToolsVersion = 7.2;
					};
				};
			};
			buildConfigurationList = 7D628D6D1C27D11600CBC088 /* Build configuration list for PBXProject "sakura" */;
			compatibilityVersion = "Xcode 3.2";
			developmentRegion = English;
			hasScannedForEncodings = 0;
			knownRegions = (
				en,
			);
			mainGroup = 7D628D691C27D11600CBC088;
			productRefGroup = 7D628D741C27D11600CBC088 /* Products */;
			projectDirPath = "";
			projectRoot = "";
			targets = (
				7D628D721C27D11600CBC088 /* sakura */,
				7D3649141C2D1746002BD79E /* libsakura */,
			);
		};
/* End PBXProject section */

/* Begin PBXResourcesBuildPhase section */
		7D628D711C27D11600CBC088 /* Resources */ = {
			isa = PBXResourcesBuildPhase;
			buildActionMask = 2147483647;
			files = (
			);
			runOnlyForDeploymentPostprocessing = 0;
		};
/* End PBXResourcesBuildPhase section */

/* Begin PBXShellScriptBuildPhase section */
		7DE9C69B1C2E103000A0DE29 /* ShellScript */ = {
			isa = PBXShellScriptBuildPhase;
			buildActionMask = 2147483647;
			files = (
			);
			inputPaths = (
			);
			outputPaths = (
			);
			runOnlyForDeploymentPostprocessing = 0;
			shellPath = /bin/sh;
			shellScript = "../tools/build-ios-fat-library/build-ios-fat-library.sh";
		};
/* End PBXShellScriptBuildPhase section */

/* Begin PBXSourcesBuildPhase section */
		7D3649111C2D1746002BD79E /* Sources */ = {
			isa = PBXSourcesBuildPhase;
			buildActionMask = 2147483647;
			files = (
				7D36492C1C2D17FD002BD79E /* file_utils.cc in Sources */,
				7D3649371C2D1823002BD79E /* file_utils_ios.mm in Sources */,
				7D3649381C2D1825002BD79E /* http_client_cocoa.mm in Sources */,
				7D3649391C2D1826002BD79E /* log_cocoa.mm in Sources */,
				7D36493A1C2D1827002BD79E /* websocket_thread_helper_cocoa.mm in Sources */,
				7D36492D1C2D17FF002BD79E /* http_client.cc in Sources */,
				7D36492F1C2D1805002BD79E /* http_request.cc in Sources */,
				7D3649301C2D1807002BD79E /* http_response.cc in Sources */,
				7D3649311C2D180C002BD79E /* sio_client_impl.cc in Sources */,
				7D3649321C2D180E002BD79E /* sio_client.cc in Sources */,
				7D36492E1C2D1801002BD79E /* http_multipart_request.cc in Sources */,
				7D3649341C2D1818002BD79E /* socket_io.cc in Sources */,
				7D3649361C2D1821002BD79E /* websocket.cc in Sources */,
				7D3649351C2D181B002BD79E /* websocket_thread_helper.cc in Sources */,
				7D3649331C2D1816002BD79E /* sio_packet.cc in Sources */,
			);
			runOnlyForDeploymentPostprocessing = 0;
		};
		7D628D6E1C27D11600CBC088 /* Sources */ = {
			isa = PBXSourcesBuildPhase;
			buildActionMask = 2147483647;
			files = (
				7DBC2AEF1C2BD3FF00425A60 /* http_client.cc in Sources */,
				7D6197DB1C293F3200C42B19 /* json11.cpp in Sources */,
				7DBC2B121C2BD40600425A60 /* websocket_thread_helper_cocoa.mm in Sources */,
				7DBC2AFC1C2BD3FF00425A60 /* sio_client.cc in Sources */,
				7DBC2AF51C2BD3FF00425A60 /* http_response.cc in Sources */,
				7DBC2B111C2BD40600425A60 /* log_cocoa.mm in Sources */,
				7DBC2AF11C2BD3FF00425A60 /* http_multipart_request.cc in Sources */,
				7DBC2AFA1C2BD3FF00425A60 /* sio_client_impl.cc in Sources */,
				7DBC2B001C2BD3FF00425A60 /* socket_io.cc in Sources */,
				7DBC2AFE1C2BD3FF00425A60 /* sio_packet.cc in Sources */,
				7DBC2B101C2BD40600425A60 /* http_client_cocoa.mm in Sources */,
				7DBC2B041C2BD3FF00425A60 /* websocket_thread_helper.cc in Sources */,
				7DBC2AF31C2BD3FF00425A60 /* http_request.cc in Sources */,
				7DBC2AED1C2BD3FF00425A60 /* file_utils.cc in Sources */,
				7DBC2B061C2BD3FF00425A60 /* websocket.cc in Sources */,
				7DBC2B0F1C2BD40600425A60 /* file_utils_ios.mm in Sources */,
			);
			runOnlyForDeploymentPostprocessing = 0;
		};
/* End PBXSourcesBuildPhase section */

/* Begin XCBuildConfiguration section */
		7D36491B1C2D1746002BD79E /* Debug */ = {
			isa = XCBuildConfiguration;
			baseConfigurationReference = 7D628DD21C27D21600CBC088 /* ios-debug.xcconfig */;
			buildSettings = {
				IPHONEOS_DEPLOYMENT_TARGET = 8.0;
				OTHER_LDFLAGS = "-ObjC";
				PRODUCT_NAME = sakura;
				SKIP_INSTALL = YES;
			};
			name = Debug;
		};
		7D36491C1C2D1746002BD79E /* Release */ = {
			isa = XCBuildConfiguration;
			baseConfigurationReference = 7D628DD41C27D21600CBC088 /* ios-release.xcconfig */;
			buildSettings = {
				IPHONEOS_DEPLOYMENT_TARGET = 8.0;
				OTHER_LDFLAGS = "-ObjC";
				PRODUCT_NAME = sakura;
				SKIP_INSTALL = YES;
			};
			name = Release;
		};
		7D628D791C27D11600CBC088 /* Debug */ = {
			isa = XCBuildConfiguration;
			buildSettings = {
				ALWAYS_SEARCH_USER_PATHS = NO;
				CLANG_CXX_LANGUAGE_STANDARD = "gnu++0x";
				CLANG_CXX_LIBRARY = "libc++";
				CLANG_ENABLE_MODULES = YES;
				CLANG_ENABLE_OBJC_ARC = YES;
				CLANG_WARN_BOOL_CONVERSION = YES;
				CLANG_WARN_CONSTANT_CONVERSION = YES;
				CLANG_WARN_DIRECT_OBJC_ISA_USAGE = YES_ERROR;
				CLANG_WARN_EMPTY_BODY = YES;
				CLANG_WARN_ENUM_CONVERSION = YES;
				CLANG_WARN_INT_CONVERSION = YES;
				CLANG_WARN_OBJC_ROOT_CLASS = YES_ERROR;
				CLANG_WARN_UNREACHABLE_CODE = YES;
				CLANG_WARN__DUPLICATE_METHOD_MATCH = YES;
				"CODE_SIGN_IDENTITY[sdk=iphoneos*]" = "iPhone Developer";
				COPY_PHASE_STRIP = NO;
				CURRENT_PROJECT_VERSION = 1;
				DEBUG_INFORMATION_FORMAT = dwarf;
				ENABLE_STRICT_OBJC_MSGSEND = YES;
				ENABLE_TESTABILITY = YES;
				GCC_C_LANGUAGE_STANDARD = gnu99;
				GCC_DYNAMIC_NO_PIC = NO;
				GCC_NO_COMMON_BLOCKS = YES;
				GCC_OPTIMIZATION_LEVEL = 0;
				GCC_PREPROCESSOR_DEFINITIONS = (
					"DEBUG=1",
					"$(inherited)",
				);
				GCC_WARN_64_TO_32_BIT_CONVERSION = YES;
				GCC_WARN_ABOUT_RETURN_TYPE = YES_ERROR;
				GCC_WARN_UNDECLARED_SELECTOR = YES;
				GCC_WARN_UNINITIALIZED_AUTOS = YES_AGGRESSIVE;
				GCC_WARN_UNUSED_FUNCTION = YES;
				GCC_WARN_UNUSED_VARIABLE = YES;
				IPHONEOS_DEPLOYMENT_TARGET = 8.0;
				MTL_ENABLE_DEBUG_INFO = YES;
				ONLY_ACTIVE_ARCH = YES;
				SDKROOT = iphoneos;
				TARGETED_DEVICE_FAMILY = "1,2";
				VERSIONING_SYSTEM = "apple-generic";
				VERSION_INFO_PREFIX = "";
			};
			name = Debug;
		};
		7D628D7A1C27D11600CBC088 /* Release */ = {
			isa = XCBuildConfiguration;
			buildSettings = {
				ALWAYS_SEARCH_USER_PATHS = NO;
				CLANG_CXX_LANGUAGE_STANDARD = "gnu++0x";
				CLANG_CXX_LIBRARY = "libc++";
				CLANG_ENABLE_MODULES = YES;
				CLANG_ENABLE_OBJC_ARC = YES;
				CLANG_WARN_BOOL_CONVERSION = YES;
				CLANG_WARN_CONSTANT_CONVERSION = YES;
				CLANG_WARN_DIRECT_OBJC_ISA_USAGE = YES_ERROR;
				CLANG_WARN_EMPTY_BODY = YES;
				CLANG_WARN_ENUM_CONVERSION = YES;
				CLANG_WARN_INT_CONVERSION = YES;
				CLANG_WARN_OBJC_ROOT_CLASS = YES_ERROR;
				CLANG_WARN_UNREACHABLE_CODE = YES;
				CLANG_WARN__DUPLICATE_METHOD_MATCH = YES;
				"CODE_SIGN_IDENTITY[sdk=iphoneos*]" = "iPhone Developer";
				COPY_PHASE_STRIP = NO;
				CURRENT_PROJECT_VERSION = 1;
				DEBUG_INFORMATION_FORMAT = "dwarf-with-dsym";
				ENABLE_NS_ASSERTIONS = NO;
				ENABLE_STRICT_OBJC_MSGSEND = YES;
				GCC_C_LANGUAGE_STANDARD = gnu99;
				GCC_NO_COMMON_BLOCKS = YES;
				GCC_WARN_64_TO_32_BIT_CONVERSION = YES;
				GCC_WARN_ABOUT_RETURN_TYPE = YES_ERROR;
				GCC_WARN_UNDECLARED_SELECTOR = YES;
				GCC_WARN_UNINITIALIZED_AUTOS = YES_AGGRESSIVE;
				GCC_WARN_UNUSED_FUNCTION = YES;
				GCC_WARN_UNUSED_VARIABLE = YES;
				IPHONEOS_DEPLOYMENT_TARGET = 8.0;
				MTL_ENABLE_DEBUG_INFO = NO;
				SDKROOT = iphoneos;
				TARGETED_DEVICE_FAMILY = "1,2";
				VALIDATE_PRODUCT = YES;
				VERSIONING_SYSTEM = "apple-generic";
				VERSION_INFO_PREFIX = "";
			};
			name = Release;
		};
		7D628D7C1C27D11600CBC088 /* Debug */ = {
			isa = XCBuildConfiguration;
			baseConfigurationReference = 7D628DD21C27D21600CBC088 /* ios-debug.xcconfig */;
			buildSettings = {
				DEFINES_MODULE = YES;
				DYLIB_COMPATIBILITY_VERSION = 1;
				DYLIB_CURRENT_VERSION = 1;
				DYLIB_INSTALL_NAME_BASE = "@rpath";
				ENABLE_BITCODE = NO;
				INFOPLIST_FILE = sakura/Info.plist;
				INSTALL_PATH = "$(LOCAL_LIBRARY_DIR)/Frameworks";
				LD_RUNPATH_SEARCH_PATHS = "$(inherited) @executable_path/Frameworks @loader_path/Frameworks";
				PRODUCT_BUNDLE_IDENTIFIER = "com.-dayesquad.sakura";
				PRODUCT_NAME = "$(TARGET_NAME)";
				SKIP_INSTALL = YES;
			};
			name = Debug;
		};
		7D628D7D1C27D11600CBC088 /* Release */ = {
			isa = XCBuildConfiguration;
			baseConfigurationReference = 7D628DD41C27D21600CBC088 /* ios-release.xcconfig */;
			buildSettings = {
				DEFINES_MODULE = YES;
				DYLIB_COMPATIBILITY_VERSION = 1;
				DYLIB_CURRENT_VERSION = 1;
				DYLIB_INSTALL_NAME_BASE = "@rpath";
				ENABLE_BITCODE = NO;
				INFOPLIST_FILE = sakura/Info.plist;
				INSTALL_PATH = "$(LOCAL_LIBRARY_DIR)/Frameworks";
				LD_RUNPATH_SEARCH_PATHS = "$(inherited) @executable_path/Frameworks @loader_path/Frameworks";
				PRODUCT_BUNDLE_IDENTIFIER = "com.-dayesquad.sakura";
				PRODUCT_NAME = "$(TARGET_NAME)";
				SKIP_INSTALL = YES;
			};
			name = Release;
		};
/* End XCBuildConfiguration section */

/* Begin XCConfigurationList section */
		7D36491D1C2D1746002BD79E /* Build configuration list for PBXNativeTarget "libsakura" */ = {
			isa = XCConfigurationList;
			buildConfigurations = (
				7D36491B1C2D1746002BD79E /* Debug */,
				7D36491C1C2D1746002BD79E /* Release */,
			);
			defaultConfigurationIsVisible = 0;
			defaultConfigurationName = Release;
		};
		7D628D6D1C27D11600CBC088 /* Build configuration list for PBXProject "sakura" */ = {
			isa = XCConfigurationList;
			buildConfigurations = (
				7D628D791C27D11600CBC088 /* Debug */,
				7D628D7A1C27D11600CBC088 /* Release */,
			);
			defaultConfigurationIsVisible = 0;
			defaultConfigurationName = Release;
		};
		7D628D7B1C27D11600CBC088 /* Build configuration list for PBXNativeTarget "sakura" */ = {
			isa = XCConfigurationList;
			buildConfigurations = (
				7D628D7C1C27D11600CBC088 /* Debug */,
				7D628D7D1C27D11600CBC088 /* Release */,
			);
			defaultConfigurationIsVisible = 0;
			defaultConfigurationName = Release;
		};
/* End XCConfigurationList section */
	};
	rootObject = 7D628D6A1C27D11600CBC088 /* Project object */;
}
